// !$*UTF8*$!
{
	archiveVersion = 1;
	classes = {
	};
	objectVersion = 55;
	objects = {

/* Begin PBXBuildFile section */
		9BE0E30027D4B9F800EB696B /* AppDelegate.swift in Sources */ = {isa = PBXBuildFile; fileRef = 9BE0E2FF27D4B9F800EB696B /* AppDelegate.swift */; };
		9BE0E30227D4B9F800EB696B /* SceneDelegate.swift in Sources */ = {isa = PBXBuildFile; fileRef = 9BE0E30127D4B9F800EB696B /* SceneDelegate.swift */; };
		9BE0E30727D4B9F800EB696B /* Main.storyboard in Resources */ = {isa = PBXBuildFile; fileRef = 9BE0E30527D4B9F800EB696B /* Main.storyboard */; };
		9BE0E30A27D4B9F800EB696B /* Todos.xcdatamodeld in Sources */ = {isa = PBXBuildFile; fileRef = 9BE0E30827D4B9F800EB696B /* Todos.xcdatamodeld */; };
		9BE0E30C27D4B9F900EB696B /* Assets.xcassets in Resources */ = {isa = PBXBuildFile; fileRef = 9BE0E30B27D4B9F900EB696B /* Assets.xcassets */; };
		9BE0E30F27D4B9F900EB696B /* LaunchScreen.storyboard in Resources */ = {isa = PBXBuildFile; fileRef = 9BE0E30D27D4B9F900EB696B /* LaunchScreen.storyboard */; };
		9BE0E31727D4BAB500EB696B /* TodosTableViewController.swift in Sources */ = {isa = PBXBuildFile; fileRef = 9BE0E31627D4BAB500EB696B /* TodosTableViewController.swift */; };
		9BE0E31927D4BE8600EB696B /* Constants.swift in Sources */ = {isa = PBXBuildFile; fileRef = 9BE0E31827D4BE8600EB696B /* Constants.swift */; };
		9BE0E31B27D4CE0000EB696B /* TodoTableViewCell.swift in Sources */ = {isa = PBXBuildFile; fileRef = 9BE0E31A27D4CE0000EB696B /* TodoTableViewCell.swift */; };
		9BE0E31D27D4CF8B00EB696B /* Todo.swift in Sources */ = {isa = PBXBuildFile; fileRef = 9BE0E31C27D4CF8B00EB696B /* Todo.swift */; };
		9BE0E32127D4EF5500EB696B /* AddTodoTableViewController.swift in Sources */ = {isa = PBXBuildFile; fileRef = 9BE0E32027D4EF5500EB696B /* AddTodoTableViewController.swift */; };
/* End PBXBuildFile section */

/* Begin PBXFileReference section */
		9BE0E2FC27D4B9F800EB696B /* Todos.app */ = {isa = PBXFileReference; explicitFileType = wrapper.application; includeInIndex = 0; path = Todos.app; sourceTree = BUILT_PRODUCTS_DIR; };
		9BE0E2FF27D4B9F800EB696B /* AppDelegate.swift */ = {isa = PBXFileReference; lastKnownFileType = sourcecode.swift; path = AppDelegate.swift; sourceTree = "<group>"; };
		9BE0E30127D4B9F800EB696B /* SceneDelegate.swift */ = {isa = PBXFileReference; lastKnownFileType = sourcecode.swift; path = SceneDelegate.swift; sourceTree = "<group>"; };
		9BE0E30627D4B9F800EB696B /* Base */ = {isa = PBXFileReference; lastKnownFileType = file.storyboard; name = Base; path = Base.lproj/Main.storyboard; sourceTree = "<group>"; };
		9BE0E30927D4B9F800EB696B /* Todos.xcdatamodel */ = {isa = PBXFileReference; lastKnownFileType = wrapper.xcdatamodel; path = Todos.xcdatamodel; sourceTree = "<group>"; };
		9BE0E30B27D4B9F900EB696B /* Assets.xcassets */ = {isa = PBXFileReference; lastKnownFileType = folder.assetcatalog; path = Assets.xcassets; sourceTree = "<group>"; };
		9BE0E30E27D4B9F900EB696B /* Base */ = {isa = PBXFileReference; lastKnownFileType = file.storyboard; name = Base; path = Base.lproj/LaunchScreen.storyboard; sourceTree = "<group>"; };
		9BE0E31027D4B9F900EB696B /* Info.plist */ = {isa = PBXFileReference; lastKnownFileType = text.plist.xml; path = Info.plist; sourceTree = "<group>"; };
		9BE0E31627D4BAB500EB696B /* TodosTableViewController.swift */ = {isa = PBXFileReference; lastKnownFileType = sourcecode.swift; path = TodosTableViewController.swift; sourceTree = "<group>"; };
		9BE0E31827D4BE8600EB696B /* Constants.swift */ = {isa = PBXFileReference; lastKnownFileType = sourcecode.swift; path = Constants.swift; sourceTree = "<group>"; };
		9BE0E31A27D4CE0000EB696B /* TodoTableViewCell.swift */ = {isa = PBXFileReference; lastKnownFileType = sourcecode.swift; path = TodoTableViewCell.swift; sourceTree = "<group>"; };
		9BE0E31C27D4CF8B00EB696B /* Todo.swift */ = {isa = PBXFileReference; lastKnownFileType = sourcecode.swift; path = Todo.swift; sourceTree = "<group>"; };
		9BE0E32027D4EF5500EB696B /* AddTodoTableViewController.swift */ = {isa = PBXFileReference; lastKnownFileType = sourcecode.swift; path = AddTodoTableViewController.swift; sourceTree = "<group>"; };
/* End PBXFileReference section */

/* Begin PBXFrameworksBuildPhase section */
		9BE0E2F927D4B9F800EB696B /* Frameworks */ = {
			isa = PBXFrameworksBuildPhase;
			buildActionMask = 2147483647;
			files = (
			);
			runOnlyForDeploymentPostprocessing = 0;
		};
/* End PBXFrameworksBuildPhase section */

/* Begin PBXGroup section */
		9BE0E2F327D4B9F800EB696B = {
			isa = PBXGroup;
			children = (
				9BE0E2FE27D4B9F800EB696B /* Todos */,
				9BE0E2FD27D4B9F800EB696B /* Products */,
			);
			sourceTree = "<group>";
		};
		9BE0E2FD27D4B9F800EB696B /* Products */ = {
			isa = PBXGroup;
			children = (
				9BE0E2FC27D4B9F800EB696B /* Todos.app */,
			);
			name = Products;
			sourceTree = "<group>";
		};
		9BE0E2FE27D4B9F800EB696B /* Todos */ = {
			isa = PBXGroup;
			children = (
				9BE0E2FF27D4B9F800EB696B /* AppDelegate.swift */,
				9BE0E30127D4B9F800EB696B /* SceneDelegate.swift */,
				9BE0E30527D4B9F800EB696B /* Main.storyboard */,
				9BE0E30B27D4B9F900EB696B /* Assets.xcassets */,
				9BE0E30D27D4B9F900EB696B /* LaunchScreen.storyboard */,
				9BE0E31027D4B9F900EB696B /* Info.plist */,
				9BE0E30827D4B9F800EB696B /* Todos.xcdatamodeld */,
				9BE0E31627D4BAB500EB696B /* TodosTableViewController.swift */,
				9BE0E31827D4BE8600EB696B /* Constants.swift */,
				9BE0E31A27D4CE0000EB696B /* TodoTableViewCell.swift */,
				9BE0E31C27D4CF8B00EB696B /* Todo.swift */,
				9BE0E32027D4EF5500EB696B /* AddTodoTableViewController.swift */,
			);
			path = Todos;
			sourceTree = "<group>";
		};
/* End PBXGroup section */

/* Begin PBXNativeTarget section */
		9BE0E2FB27D4B9F800EB696B /* Todos */ = {
			isa = PBXNativeTarget;
			buildConfigurationList = 9BE0E31327D4B9F900EB696B /* Build configuration list for PBXNativeTarget "Todos" */;
			buildPhases = (
				9BE0E2F827D4B9F800EB696B /* Sources */,
				9BE0E2F927D4B9F800EB696B /* Frameworks */,
				9BE0E2FA27D4B9F800EB696B /* Resources */,
			);
			buildRules = (
			);
			dependencies = (
			);
			name = Todos;
			productName = Todos;
			productReference = 9BE0E2FC27D4B9F800EB696B /* Todos.app */;
			productType = "com.apple.product-type.application";
		};
/* End PBXNativeTarget section */

/* Begin PBXProject section */
		9BE0E2F427D4B9F800EB696B /* Project object */ = {
			isa = PBXProject;
			attributes = {
				BuildIndependentTargetsInParallel = 1;
				LastSwiftUpdateCheck = 1320;
				LastUpgradeCheck = 1320;
				TargetAttributes = {
					9BE0E2FB27D4B9F800EB696B = {
						CreatedOnToolsVersion = 13.2.1;
					};
				};
			};
			buildConfigurationList = 9BE0E2F727D4B9F800EB696B /* Build configuration list for PBXProject "Todos" */;
			compatibilityVersion = "Xcode 13.0";
			developmentRegion = en;
			hasScannedForEncodings = 0;
			knownRegions = (
				en,
				Base,
			);
			mainGroup = 9BE0E2F327D4B9F800EB696B;
			productRefGroup = 9BE0E2FD27D4B9F800EB696B /* Products */;
			projectDirPath = "";
			projectRoot = "";
			targets = (
				9BE0E2FB27D4B9F800EB696B /* Todos */,
			);
		};
/* End PBXProject section */

/* Begin PBXResourcesBuildPhase section */
		9BE0E2FA27D4B9F800EB696B /* Resources */ = {
			isa = PBXResourcesBuildPhase;
			buildActionMask = 2147483647;
			files = (
				9BE0E30F27D4B9F900EB696B /* LaunchScreen.storyboard in Resources */,
				9BE0E30C27D4B9F900EB696B /* Assets.xcassets in Resources */,
				9BE0E30727D4B9F800EB696B /* Main.storyboard in Resources */,
			);
			runOnlyForDeploymentPostprocessing = 0;
		};
/* End PBXResourcesBuildPhase section */

/* Begin PBXSourcesBuildPhase section */
		9BE0E2F827D4B9F800EB696B /* Sources */ = {
			isa = PBXSourcesBuildPhase;
			buildActionMask = 2147483647;
			files = (
				9BE0E31D27D4CF8B00EB696B /* Todo.swift in Sources */,
				9BE0E31927D4BE8600EB696B /* Constants.swift in Sources */,
				9BE0E32127D4EF5500EB696B /* AddTodoTableViewController.swift in Sources */,
				9BE0E30027D4B9F800EB696B /* AppDelegate.swift in Sources */,
				9BE0E31727D4BAB500EB696B /* TodosTableViewController.swift in Sources */,
				9BE0E31B27D4CE0000EB696B /* TodoTableViewCell.swift in Sources */,
				9BE0E30227D4B9F800EB696B /* SceneDelegate.swift in Sources */,
				9BE0E30A27D4B9F800EB696B /* Todos.xcdatamodeld in Sources */,
			);
			runOnlyForDeploymentPostprocessing = 0;
		};
/* End PBXSourcesBuildPhase section */

/* Begin PBXVariantGroup section */
		9BE0E30527D4B9F800EB696B /* Main.storyboard */ = {
			isa = PBXVariantGroup;
			children = (
				9BE0E30627D4B9F800EB696B /* Base */,
			);
			name = Main.storyboard;
			sourceTree = "<group>";
		};
		9BE0E30D27D4B9F900EB696B /* LaunchScreen.storyboard */ = {
			isa = PBXVariantGroup;
			children = (
				9BE0E30E27D4B9F900EB696B /* Base */,
			);
			name = LaunchScreen.storyboard;
			sourceTree = "<group>";
		};
/* End PBXVariantGroup section */

/* Begin XCBuildConfiguration section */
		9BE0E31127D4B9F900EB696B /* Debug */ = {
			isa = XCBuildConfiguration;
			buildSettings = {
				ALWAYS_SEARCH_USER_PATHS = NO;
				CLANG_ANALYZER_NONNULL = YES;
				CLANG_ANALYZER_NUMBER_OBJECT_CONVERSION = YES_AGGRESSIVE;
				CLANG_CXX_LANGUAGE_STANDARD = "gnu++17";
				CLANG_CXX_LIBRARY = "libc++";
				CLANG_ENABLE_MODULES = YES;
				CLANG_ENABLE_OBJC_ARC = YES;
				CLANG_ENABLE_OBJC_WEAK = YES;
				CLANG_WARN_BLOCK_CAPTURE_AUTORELEASING = YES;
				CLANG_WARN_BOOL_CONVERSION = YES;
				CLANG_WARN_COMMA = YES;
				CLANG_WARN_CONSTANT_CONVERSION = YES;
				CLANG_WARN_DEPRECATED_OBJC_IMPLEMENTATIONS = YES;
				CLANG_WARN_DIRECT_OBJC_ISA_USAGE = YES_ERROR;
				CLANG_WARN_DOCUMENTATION_COMMENTS = YES;
				CLANG_WARN_EMPTY_BODY = YES;
				CLANG_WARN_ENUM_CONVERSION = YES;
				CLANG_WARN_INFINITE_RECURSION = YES;
				CLANG_WARN_INT_CONVERSION = YES;
				CLANG_WARN_NON_LITERAL_NULL_CONVERSION = YES;
				CLANG_WARN_OBJC_IMPLICIT_RETAIN_SELF = YES;
				CLANG_WARN_OBJC_LITERAL_CONVERSION = YES;
				CLANG_WARN_OBJC_ROOT_CLASS = YES_ERROR;
				CLANG_WARN_QUOTED_INCLUDE_IN_FRAMEWORK_HEADER = YES;
				CLANG_WARN_RANGE_LOOP_ANALYSIS = YES;
				CLANG_WARN_STRICT_PROTOTYPES = YES;
				CLANG_WARN_SUSPICIOUS_MOVE = YES;
				CLANG_WARN_UNGUARDED_AVAILABILITY = YES_AGGRESSIVE;
				CLANG_WARN_UNREACHABLE_CODE = YES;
				CLANG_WARN__DUPLICATE_METHOD_MATCH = YES;
				COPY_PHASE_STRIP = NO;
				DEBUG_INFORMATION_FORMAT = dwarf;
				ENABLE_STRICT_OBJC_MSGSEND = YES;
				ENABLE_TESTABILITY = YES;
				GCC_C_LANGUAGE_STANDARD = gnu11;
				GCC_DYNAMIC_NO_PIC = NO;
				GCC_NO_COMMON_BLOCKS = YES;
				GCC_OPTIMIZATION_LEVEL = 0;
				GCC_PREPROCESSOR_DEFINITIONS = (
					"DEBUG=1",
					"$(inherited)",
				);
				GCC_WARN_64_TO_32_BIT_CONVERSION = YES;
				GCC_WARN_ABOUT_RETURN_TYPE = YES_ERROR;
				GCC_WARN_UNDECLARED_SELECTOR = YES;
				GCC_WARN_UNINITIALIZED_AUTOS = YES_AGGRESSIVE;
				GCC_WARN_UNUSED_FUNCTION = YES;
				GCC_WARN_UNUSED_VARIABLE = YES;
				IPHONEOS_DEPLOYMENT_TARGET = 15.2;
				MTL_ENABLE_DEBUG_INFO = INCLUDE_SOURCE;
				MTL_FAST_MATH = YES;
				ONLY_ACTIVE_ARCH = YES;
				SDKROOT = iphoneos;
				SWIFT_ACTIVE_COMPILATION_CONDITIONS = DEBUG;
				SWIFT_OPTIMIZATION_LEVEL = "-Onone";
			};
			name = Debug;
		};
		9BE0E31227D4B9F900EB696B /* Release */ = {
			isa = XCBuildConfiguration;
			buildSettings = {
				ALWAYS_SEARCH_USER_PATHS = NO;
				CLANG_ANALYZER_NONNULL = YES;
				CLANG_ANALYZER_NUMBER_OBJECT_CONVERSION = YES_AGGRESSIVE;
				CLANG_CXX_LANGUAGE_STANDARD = "gnu++17";
				CLANG_CXX_LIBRARY = "libc++";
				CLANG_ENABLE_MODULES = YES;
				CLANG_ENABLE_OBJC_ARC = YES;
				CLANG_ENABLE_OBJC_WEAK = YES;
				CLANG_WARN_BLOCK_CAPTURE_AUTORELEASING = YES;
				CLANG_WARN_BOOL_CONVERSION = YES;
				CLANG_WARN_COMMA = YES;
				CLANG_WARN_CONSTANT_CONVERSION = YES;
				CLANG_WARN_DEPRECATED_OBJC_IMPLEMENTATIONS = YES;
				CLANG_WARN_DIRECT_OBJC_ISA_USAGE = YES_ERROR;
				CLANG_WARN_DOCUMENTATION_COMMENTS = YES;
				CLANG_WARN_EMPTY_BODY = YES;
				CLANG_WARN_ENUM_CONVERSION = YES;
				CLANG_WARN_INFINITE_RECURSION = YES;
				CLANG_WARN_INT_CONVERSION = YES;
				CLANG_WARN_NON_LITERAL_NULL_CONVERSION = YES;
				CLANG_WARN_OBJC_IMPLICIT_RETAIN_SELF = YES;
				CLANG_WARN_OBJC_LITERAL_CONVERSION = YES;
				CLANG_WARN_OBJC_ROOT_CLASS = YES_ERROR;
				CLANG_WARN_QUOTED_INCLUDE_IN_FRAMEWORK_HEADER = YES;
				CLANG_WARN_RANGE_LOOP_ANALYSIS = YES;
				CLANG_WARN_STRICT_PROTOTYPES = YES;
				CLANG_WARN_SUSPICIOUS_MOVE = YES;
				CLANG_WARN_UNGUARDED_AVAILABILITY = YES_AGGRESSIVE;
				CLANG_WARN_UNREACHABLE_CODE = YES;
				CLANG_WARN__DUPLICATE_METHOD_MATCH = YES;
				COPY_PHASE_STRIP = NO;
				DEBUG_INFORMATION_FORMAT = "dwarf-with-dsym";
				ENABLE_NS_ASSERTIONS = NO;
				ENABLE_STRICT_OBJC_MSGSEND = YES;
				GCC_C_LANGUAGE_STANDARD = gnu11;
				GCC_NO_COMMON_BLOCKS = YES;
				GCC_WARN_64_TO_32_BIT_CONVERSION = YES;
				GCC_WARN_ABOUT_RETURN_TYPE = YES_ERROR;
				GCC_WARN_UNDECLARED_SELECTOR = YES;
				GCC_WARN_UNINITIALIZED_AUTOS = YES_AGGRESSIVE;
				GCC_WARN_UNUSED_FUNCTION = YES;
				GCC_WARN_UNUSED_VARIABLE = YES;
				IPHONEOS_DEPLOYMENT_TARGET = 15.2;
				MTL_ENABLE_DEBUG_INFO = NO;
				MTL_FAST_MATH = YES;
				SDKROOT = iphoneos;
				SWIFT_COMPILATION_MODE = wholemodule;
				SWIFT_OPTIMIZATION_LEVEL = "-O";
				VALIDATE_PRODUCT = YES;
			};
			name = Release;
		};
		9BE0E31427D4B9F900EB696B /* Debug */ = {
			isa = XCBuildConfiguration;
			buildSettings = {
				ASSETCATALOG_COMPILER_APPICON_NAME = AppIcon;
				ASSETCATALOG_COMPILER_GLOBAL_ACCENT_COLOR_NAME = AccentColor;
				CODE_SIGN_STYLE = Automatic;
				CURRENT_PROJECT_VERSION = 1;
				DEVELOPMENT_TEAM = 2YPZR8TZNC;
				GENERATE_INFOPLIST_FILE = YES;
				INFOPLIST_FILE = Todos/Info.plist;
				INFOPLIST_KEY_UIApplicationSupportsIndirectInputEvents = YES;
				INFOPLIST_KEY_UILaunchStoryboardName = LaunchScreen;
				INFOPLIST_KEY_UIMainStoryboardFile = Main;
				INFOPLIST_KEY_UISupportedInterfaceOrientations = UIInterfaceOrientationPortrait;
				INFOPLIST_KEY_UISupportedInterfaceOrientations_iPad = "UIInterfaceOrientationPortrait UIInterfaceOrientationPortraitUpsideDown UIInterfaceOrientationLandscapeLeft UIInterfaceOrientationLandscapeRight";
				INFOPLIST_KEY_UISupportedInterfaceOrientations_iPhone = "UIInterfaceOrientationPortrait UIInterfaceOrientationLandscapeLeft UIInterfaceOrientationLandscapeRight";
				LD_RUNPATH_SEARCH_PATHS = (
					"$(inherited)",
					"@executable_path/Frameworks",
				);
				MARKETING_VERSION = 1.0;
				PRODUCT_BUNDLE_IDENTIFIER = "-985100818-qq.com.Todos";
				PRODUCT_NAME = "$(TARGET_NAME)";
				SWIFT_EMIT_LOC_STRINGS = YES;
				SWIFT_VERSION = 5.0;
				TARGETED_DEVICE_FAMILY = 1;
			};
			name = Debug;
		};
		9BE0E31527D4B9F900EB696B /* Release */ = {
			isa = XCBuildConfiguration;
			buildSettings = {
				ASSETCATALOG_COMPILER_APPICON_NAME = AppIcon;
				ASSETCATALOG_COMPILER_GLOBAL_ACCENT_COLOR_NAME = AccentColor;
				CODE_SIGN_STYLE = Automatic;
				CURRENT_PROJECT_VERSION = 1;
				DEVELOPMENT_TEAM = 2YPZR8TZNC;
				GENERATE_INFOPLIST_FILE = YES;
				INFOPLIST_FILE = Todos/Info.plist;
				INFOPLIST_KEY_UIApplicationSupportsIndirectInputEvents = YES;
				INFOPLIST_KEY_UILaunchStoryboardName = LaunchScreen;
				INFOPLIST_KEY_UIMainStoryboardFile = Main;
				INFOPLIST_KEY_UISupportedInterfaceOrientations = UIInterfaceOrientationPortrait;
				INFOPLIST_KEY_UISupportedInterfaceOrientations_iPad = "UIInterfaceOrientationPortrait UIInterfaceOrientationPortraitUpsideDown UIInterfaceOrientationLandscapeLeft UIInterfaceOrientationLandscapeRight";
				INFOPLIST_KEY_UISupportedInterfaceOrientations_iPhone = "UIInterfaceOrientationPortrait UIInterfaceOrientationLandscapeLeft UIInterfaceOrientationLandscapeRight";
				LD_RUNPATH_SEARCH_PATHS = (
					"$(inherited)",
					"@executable_path/Frameworks",
				);
				MARKETING_VERSION = 1.0;
				PRODUCT_BUNDLE_IDENTIFIER = "-985100818-qq.com.Todos";
				PRODUCT_NAME = "$(TARGET_NAME)";
				SWIFT_EMIT_LOC_STRINGS = YES;
				SWIFT_VERSION = 5.0;
				TARGETED_DEVICE_FAMILY = 1;
			};
			name = Release;
		};
/* End XCBuildConfiguration section */

/* Begin XCConfigurationList section */
		9BE0E2F727D4B9F800EB696B /* Build configuration list for PBXProject "Todos" */ = {
			isa = XCConfigurationList;
			buildConfigurations = (
				9BE0E31127D4B9F900EB696B /* Debug */,
				9BE0E31227D4B9F900EB696B /* Release */,
			);
			defaultConfigurationIsVisible = 0;
			defaultConfigurationName = Release;
		};
		9BE0E31327D4B9F900EB696B /* Build configuration list for PBXNativeTarget "Todos" */ = {
			isa = XCConfigurationList;
			buildConfigurations = (
				9BE0E31427D4B9F900EB696B /* Debug */,
				9BE0E31527D4B9F900EB696B /* Release */,
			);
			defaultConfigurationIsVisible = 0;
			defaultConfigurationName = Release;
		};
/* End XCConfigurationList section */

/* Begin XCVersionGroup section */
		9BE0E30827D4B9F800EB696B /* Todos.xcdatamodeld */ = {
			isa = XCVersionGroup;
			children = (
				9BE0E30927D4B9F800EB696B /* Todos.xcdatamodel */,
			);
			currentVersion = 9BE0E30927D4B9F800EB696B /* Todos.xcdatamodel */;
			path = Todos.xcdatamodeld;
			sourceTree = "<group>";
			versionGroupType = wrapper.xcdatamodel;
		};
/* End XCVersionGroup section */
	};
	rootObject = 9BE0E2F427D4B9F800EB696B /* Project object */;
}
